// !$*UTF8*$!
{
	archiveVersion = 1;
	classes = {
	};
	objectVersion = 46;
	objects = {

/* Begin PBXBuildFile section */
		451857DD1DF4972C006DF9D3 /* UuidGeneratorTests.swift in Sources */ = {isa = PBXBuildFile; fileRef = 451857DB1DF49717006DF9D3 /* UuidGeneratorTests.swift */; };
		452C9BB91E323CE000CC5746 /* UITableView_Reload.swift in Sources */ = {isa = PBXBuildFile; fileRef = 452C9BB81E323CE000CC5746 /* UITableView_Reload.swift */; };
		452C9BC01E323E5300CC5746 /* UIView_ReuseIdentifierTests.swift in Sources */ = {isa = PBXBuildFile; fileRef = 452C9BBE1E323E2C00CC5746 /* UIView_ReuseIdentifierTests.swift */; };
		454D982A1E086659002B127E /* FilteredDirectoryFileManagerTests.swift in Sources */ = {isa = PBXBuildFile; fileRef = 454D98261E086623002B127E /* FilteredDirectoryFileManagerTests.swift */; };
		454D982B1E08665C002B127E /* DirectoryFileManagerDefaultTests.swift in Sources */ = {isa = PBXBuildFile; fileRef = 454D98251E086623002B127E /* DirectoryFileManagerDefaultTests.swift */; };
		454D982C1E08665F002B127E /* AppFileManagerDefaultTests.swift in Sources */ = {isa = PBXBuildFile; fileRef = 454D98241E086623002B127E /* AppFileManagerDefaultTests.swift */; };
		4555474B1E00A2AC00A9477A /* Array_RemoveObjectTests.swift in Sources */ = {isa = PBXBuildFile; fileRef = 45E887AB1E00A1C50081A5C4 /* Array_RemoveObjectTests.swift */; };
		455547501E00A8AB00A9477A /* Collection_ShuffleTests.swift in Sources */ = {isa = PBXBuildFile; fileRef = 4555474E1E00A89600A9477A /* Collection_ShuffleTests.swift */; };
		455547531E00A9D800A9477A /* String_ContainsTests.swift in Sources */ = {isa = PBXBuildFile; fileRef = 455547511E00A9D600A9477A /* String_ContainsTests.swift */; };
		4561CF401DF37780003D940A /* KeychainBasedDeviceIdentifierTests.swift in Sources */ = {isa = PBXBuildFile; fileRef = 4561CF241DF3775B003D940A /* KeychainBasedDeviceIdentifierTests.swift */; };
		4561CF421DF3778C003D940A /* IoCTests.swift in Sources */ = {isa = PBXBuildFile; fileRef = 4561CF281DF3775B003D940A /* IoCTests.swift */; };
		4561CF431DF3778F003D940A /* KeychainServiceTestClass.swift in Sources */ = {isa = PBXBuildFile; fileRef = 4561CF2A1DF3775B003D940A /* KeychainServiceTestClass.swift */; };
		4561CF451DF37794003D940A /* UITableView_DefaultNibTests.swift in Sources */ = {isa = PBXBuildFile; fileRef = 4561CF2F1DF3775B003D940A /* UITableView_DefaultNibTests.swift */; };
		4567A6BF1E9536C200E8F312 /* UIButton_ImageMarginTests.swift in Sources */ = {isa = PBXBuildFile; fileRef = 4567A6BD1E9536B100E8F312 /* UIButton_ImageMarginTests.swift */; };
		4567A7141E9BD94600E8F312 /* UICollectionView_DefaultNibTests.swift in Sources */ = {isa = PBXBuildFile; fileRef = 4567A7101E9BD94100E8F312 /* UICollectionView_DefaultNibTests.swift */; };
		45A90BC01E9518A50097F54B /* Array_GroupTests.swift in Sources */ = {isa = PBXBuildFile; fileRef = 45A90BBE1E95189E0097F54B /* Array_GroupTests.swift */; };
		45A90BC31E9518F30097F54B /* Set_GroupTests.swift in Sources */ = {isa = PBXBuildFile; fileRef = 45A90BC11E9518D90097F54B /* Set_GroupTests.swift */; };
		45B87FCF1DFF3E3200EFCD57 /* UIColor_HexTests.swift in Sources */ = {isa = PBXBuildFile; fileRef = 45B87FCB1DFF3E2A00EFCD57 /* UIColor_HexTests.swift */; };
		45B87FD01DFF3E3600EFCD57 /* UINavigationBar_TransparentTests.swift in Sources */ = {isa = PBXBuildFile; fileRef = 45B87FCC1DFF3E2A00EFCD57 /* UINavigationBar_TransparentTests.swift */; };
		45B87FE51DFF3E5F00EFCD57 /* String_Base64Tests.swift in Sources */ = {isa = PBXBuildFile; fileRef = 45B87FDA1DFF3E5900EFCD57 /* String_Base64Tests.swift */; };
		45B87FE61DFF3E5F00EFCD57 /* String_UrlEncodeTests.swift in Sources */ = {isa = PBXBuildFile; fileRef = 45B87FDB1DFF3E5900EFCD57 /* String_UrlEncodeTests.swift */; };
		45B87FE71DFF3E5F00EFCD57 /* Url_QueryParametersTests.swift in Sources */ = {isa = PBXBuildFile; fileRef = 45B87FDC1DFF3E5900EFCD57 /* Url_QueryParametersTests.swift */; };
		45B87FE81DFF3E5F00EFCD57 /* NSObject_ClassNameTests.swift in Sources */ = {isa = PBXBuildFile; fileRef = 4561CF261DF3775B003D940A /* NSObject_ClassNameTests.swift */; };
		45B87FF71DFF3EC600EFCD57 /* UISlider_Extensions_ButtonPositionTests.swift in Sources */ = {isa = PBXBuildFile; fileRef = 45B87FEB1DFF3EBD00EFCD57 /* UISlider_Extensions_ButtonPositionTests.swift */; };
		45B87FF81DFF3EC600EFCD57 /* UISlider_Extensions_ButtonSizeTests.swift in Sources */ = {isa = PBXBuildFile; fileRef = 45B87FEC1DFF3EBD00EFCD57 /* UISlider_Extensions_ButtonSizeTests.swift */; };
		45B87FF91DFF3EC600EFCD57 /* UISlider_Extensions_PercentageAtPointTests.swift in Sources */ = {isa = PBXBuildFile; fileRef = 45B87FED1DFF3EBD00EFCD57 /* UISlider_Extensions_PercentageAtPointTests.swift */; };
		45B87FFA1DFF3EC600EFCD57 /* UISlider_Extensions_ValueAtPointTests.swift in Sources */ = {isa = PBXBuildFile; fileRef = 45B87FEE1DFF3EBD00EFCD57 /* UISlider_Extensions_ValueAtPointTests.swift */; };
		45B87FFB1DFF3EC600EFCD57 /* UISlider_Extensions_ValuePercentageTests.swift in Sources */ = {isa = PBXBuildFile; fileRef = 45B87FEF1DFF3EBD00EFCD57 /* UISlider_Extensions_ValuePercentageTests.swift */; };
		45B87FFC1DFF3EC600EFCD57 /* UISlider_HitTests.swift in Sources */ = {isa = PBXBuildFile; fileRef = 45B87FF01DFF3EBD00EFCD57 /* UISlider_HitTests.swift */; };
		45B8800C1DFF404000EFCD57 /* UIView_EmptyTests.swift in Sources */ = {isa = PBXBuildFile; fileRef = 45B880011DFF3FF400EFCD57 /* UIView_EmptyTests.swift */; };
		45B8800D1DFF404000EFCD57 /* UIView_HitTests.swift in Sources */ = {isa = PBXBuildFile; fileRef = 45B880021DFF3FF400EFCD57 /* UIView_HitTests.swift */; };
		45B8800E1DFF404000EFCD57 /* UIView_RoundTests.swift in Sources */ = {isa = PBXBuildFile; fileRef = 45B880031DFF3FF400EFCD57 /* UIView_RoundTests.swift */; };
		45B8800F1DFF404000EFCD57 /* UIView_NibTests.swift in Sources */ = {isa = PBXBuildFile; fileRef = 4561CF341DF3775B003D940A /* UIView_NibTests.swift */; };
		45B880101DFF404000EFCD57 /* UIView_VisibilityTests.swift in Sources */ = {isa = PBXBuildFile; fileRef = 4561CF351DF3775B003D940A /* UIView_VisibilityTests.swift */; };
		45BCF63A1E6B5A04008ABBAA /* BiometricsAuthorizationServiceTests.swift in Sources */ = {isa = PBXBuildFile; fileRef = 45BCF6381E6B59F6008ABBAA /* BiometricsAuthorizationServiceTests.swift */; };
		45C8B5F01E01EC240092F1E3 /* AdaptiveFileSizePresenterTests.swift in Sources */ = {isa = PBXBuildFile; fileRef = 45C8B5E81E01EC200092F1E3 /* AdaptiveFileSizePresenterTests.swift */; };
		45C8B5F31E01EC240092F1E3 /* FileSizeBytesPresenterTests.swift in Sources */ = {isa = PBXBuildFile; fileRef = 45C8B5EB1E01EC200092F1E3 /* FileSizeBytesPresenterTests.swift */; };
		45C8B5FC1E01EF870092F1E3 /* Numeric_FormatTests.swift in Sources */ = {isa = PBXBuildFile; fileRef = 45C8B5FA1E01EF740092F1E3 /* Numeric_FormatTests.swift */; };
		45E887991DFFCD950081A5C4 /* Array_ElementsOfTypeTests.swift in Sources */ = {isa = PBXBuildFile; fileRef = 45E887971DFFCD7A0081A5C4 /* Array_ElementsOfTypeTests.swift */; };
		45E8879C1E0078860081A5C4 /* Array_RandomElementTests.swift in Sources */ = {isa = PBXBuildFile; fileRef = 45E8879A1E00786D0081A5C4 /* Array_RandomElementTests.swift */; };
		45E887AA1E008B2F0081A5C4 /* Numeric_RandomTests.swift in Sources */ = {isa = PBXBuildFile; fileRef = 45E887A81E008B1B0081A5C4 /* Numeric_RandomTests.swift */; };
		607FACD61AFB9204008FA782 /* AppDelegate.swift in Sources */ = {isa = PBXBuildFile; fileRef = 607FACD51AFB9204008FA782 /* AppDelegate.swift */; };
		607FACD81AFB9204008FA782 /* ViewController.swift in Sources */ = {isa = PBXBuildFile; fileRef = 607FACD71AFB9204008FA782 /* ViewController.swift */; };
		607FACDB1AFB9204008FA782 /* Main.storyboard in Resources */ = {isa = PBXBuildFile; fileRef = 607FACD91AFB9204008FA782 /* Main.storyboard */; };
		607FACDD1AFB9204008FA782 /* Images.xcassets in Resources */ = {isa = PBXBuildFile; fileRef = 607FACDC1AFB9204008FA782 /* Images.xcassets */; };
		607FACE01AFB9204008FA782 /* LaunchScreen.xib in Resources */ = {isa = PBXBuildFile; fileRef = 607FACDE1AFB9204008FA782 /* LaunchScreen.xib */; };
		827C56B7C235CB243581760D /* Pods_iExtra_Example.framework in Frameworks */ = {isa = PBXBuildFile; fileRef = D3547E0F4ADA5068213CFCB7 /* Pods_iExtra_Example.framework */; };
		98C7F2B4E251256E227C5AE1 /* Pods_iExtra_Tests.framework in Frameworks */ = {isa = PBXBuildFile; fileRef = 3D341B7124E17395A39E9A69 /* Pods_iExtra_Tests.framework */; };
/* End PBXBuildFile section */

/* Begin PBXContainerItemProxy section */
		607FACE61AFB9204008FA782 /* PBXContainerItemProxy */ = {
			isa = PBXContainerItemProxy;
			containerPortal = 607FACC81AFB9204008FA782 /* Project object */;
			proxyType = 1;
			remoteGlobalIDString = 607FACCF1AFB9204008FA782;
			remoteInfo = iExtra;
		};
/* End PBXContainerItemProxy section */

/* Begin PBXFileReference section */
		060AF76DC5CC242CA17488C4 /* Pods-iExtra_Tests.debug.xcconfig */ = {isa = PBXFileReference; includeInIndex = 1; lastKnownFileType = text.xcconfig; name = "Pods-iExtra_Tests.debug.xcconfig"; path = "Pods/Target Support Files/Pods-iExtra_Tests/Pods-iExtra_Tests.debug.xcconfig"; sourceTree = "<group>"; };
		1173FA6AA02DAC51DB0DB55B /* LICENSE */ = {isa = PBXFileReference; includeInIndex = 1; lastKnownFileType = text; name = LICENSE; path = ../LICENSE; sourceTree = "<group>"; };
		3D341B7124E17395A39E9A69 /* Pods_iExtra_Tests.framework */ = {isa = PBXFileReference; explicitFileType = wrapper.framework; includeInIndex = 0; path = Pods_iExtra_Tests.framework; sourceTree = BUILT_PRODUCTS_DIR; };
		451857DB1DF49717006DF9D3 /* UuidGeneratorTests.swift */ = {isa = PBXFileReference; fileEncoding = 4; lastKnownFileType = sourcecode.swift; path = UuidGeneratorTests.swift; sourceTree = "<group>"; };
		452C9BB81E323CE000CC5746 /* UITableView_Reload.swift */ = {isa = PBXFileReference; fileEncoding = 4; lastKnownFileType = sourcecode.swift; path = UITableView_Reload.swift; sourceTree = "<group>"; };
		452C9BBE1E323E2C00CC5746 /* UIView_ReuseIdentifierTests.swift */ = {isa = PBXFileReference; fileEncoding = 4; lastKnownFileType = sourcecode.swift; path = UIView_ReuseIdentifierTests.swift; sourceTree = "<group>"; };
		454D98241E086623002B127E /* AppFileManagerDefaultTests.swift */ = {isa = PBXFileReference; fileEncoding = 4; lastKnownFileType = sourcecode.swift; path = AppFileManagerDefaultTests.swift; sourceTree = "<group>"; };
		454D98251E086623002B127E /* DirectoryFileManagerDefaultTests.swift */ = {isa = PBXFileReference; fileEncoding = 4; lastKnownFileType = sourcecode.swift; path = DirectoryFileManagerDefaultTests.swift; sourceTree = "<group>"; };
		454D98261E086623002B127E /* FilteredDirectoryFileManagerTests.swift */ = {isa = PBXFileReference; fileEncoding = 4; lastKnownFileType = sourcecode.swift; path = FilteredDirectoryFileManagerTests.swift; sourceTree = "<group>"; };
		4555474E1E00A89600A9477A /* Collection_ShuffleTests.swift */ = {isa = PBXFileReference; fileEncoding = 4; lastKnownFileType = sourcecode.swift; path = Collection_ShuffleTests.swift; sourceTree = "<group>"; };
		455547511E00A9D600A9477A /* String_ContainsTests.swift */ = {isa = PBXFileReference; fileEncoding = 4; lastKnownFileType = sourcecode.swift; path = String_ContainsTests.swift; sourceTree = "<group>"; };
		4561CF241DF3775B003D940A /* KeychainBasedDeviceIdentifierTests.swift */ = {isa = PBXFileReference; fileEncoding = 4; lastKnownFileType = sourcecode.swift; path = KeychainBasedDeviceIdentifierTests.swift; sourceTree = "<group>"; };
		4561CF261DF3775B003D940A /* NSObject_ClassNameTests.swift */ = {isa = PBXFileReference; fileEncoding = 4; lastKnownFileType = sourcecode.swift; path = NSObject_ClassNameTests.swift; sourceTree = "<group>"; };
		4561CF281DF3775B003D940A /* IoCTests.swift */ = {isa = PBXFileReference; fileEncoding = 4; lastKnownFileType = sourcecode.swift; path = IoCTests.swift; sourceTree = "<group>"; };
		4561CF2A1DF3775B003D940A /* KeychainServiceTestClass.swift */ = {isa = PBXFileReference; fileEncoding = 4; lastKnownFileType = sourcecode.swift; path = KeychainServiceTestClass.swift; sourceTree = "<group>"; };
		4561CF2F1DF3775B003D940A /* UITableView_DefaultNibTests.swift */ = {isa = PBXFileReference; fileEncoding = 4; lastKnownFileType = sourcecode.swift; path = UITableView_DefaultNibTests.swift; sourceTree = "<group>"; };
		4561CF341DF3775B003D940A /* UIView_NibTests.swift */ = {isa = PBXFileReference; fileEncoding = 4; lastKnownFileType = sourcecode.swift; path = UIView_NibTests.swift; sourceTree = "<group>"; };
		4561CF351DF3775B003D940A /* UIView_VisibilityTests.swift */ = {isa = PBXFileReference; fileEncoding = 4; lastKnownFileType = sourcecode.swift; path = UIView_VisibilityTests.swift; sourceTree = "<group>"; };
		4567A6BD1E9536B100E8F312 /* UIButton_ImageMarginTests.swift */ = {isa = PBXFileReference; fileEncoding = 4; lastKnownFileType = sourcecode.swift; path = UIButton_ImageMarginTests.swift; sourceTree = "<group>"; };
		4567A7101E9BD94100E8F312 /* UICollectionView_DefaultNibTests.swift */ = {isa = PBXFileReference; fileEncoding = 4; lastKnownFileType = sourcecode.swift; path = UICollectionView_DefaultNibTests.swift; sourceTree = "<group>"; };
		45A90BBE1E95189E0097F54B /* Array_GroupTests.swift */ = {isa = PBXFileReference; fileEncoding = 4; lastKnownFileType = sourcecode.swift; path = Array_GroupTests.swift; sourceTree = "<group>"; };
		45A90BC11E9518D90097F54B /* Set_GroupTests.swift */ = {isa = PBXFileReference; fileEncoding = 4; lastKnownFileType = sourcecode.swift; path = Set_GroupTests.swift; sourceTree = "<group>"; };
		45B87FCB1DFF3E2A00EFCD57 /* UIColor_HexTests.swift */ = {isa = PBXFileReference; fileEncoding = 4; lastKnownFileType = sourcecode.swift; path = UIColor_HexTests.swift; sourceTree = "<group>"; };
		45B87FCC1DFF3E2A00EFCD57 /* UINavigationBar_TransparentTests.swift */ = {isa = PBXFileReference; fileEncoding = 4; lastKnownFileType = sourcecode.swift; path = UINavigationBar_TransparentTests.swift; sourceTree = "<group>"; };
		45B87FDA1DFF3E5900EFCD57 /* String_Base64Tests.swift */ = {isa = PBXFileReference; fileEncoding = 4; lastKnownFileType = sourcecode.swift; path = String_Base64Tests.swift; sourceTree = "<group>"; };
		45B87FDB1DFF3E5900EFCD57 /* String_UrlEncodeTests.swift */ = {isa = PBXFileReference; fileEncoding = 4; lastKnownFileType = sourcecode.swift; path = String_UrlEncodeTests.swift; sourceTree = "<group>"; };
		45B87FDC1DFF3E5900EFCD57 /* Url_QueryParametersTests.swift */ = {isa = PBXFileReference; fileEncoding = 4; lastKnownFileType = sourcecode.swift; path = Url_QueryParametersTests.swift; sourceTree = "<group>"; };
		45B87FEB1DFF3EBD00EFCD57 /* UISlider_Extensions_ButtonPositionTests.swift */ = {isa = PBXFileReference; fileEncoding = 4; lastKnownFileType = sourcecode.swift; path = UISlider_Extensions_ButtonPositionTests.swift; sourceTree = "<group>"; };
		45B87FEC1DFF3EBD00EFCD57 /* UISlider_Extensions_ButtonSizeTests.swift */ = {isa = PBXFileReference; fileEncoding = 4; lastKnownFileType = sourcecode.swift; path = UISlider_Extensions_ButtonSizeTests.swift; sourceTree = "<group>"; };
		45B87FED1DFF3EBD00EFCD57 /* UISlider_Extensions_PercentageAtPointTests.swift */ = {isa = PBXFileReference; fileEncoding = 4; lastKnownFileType = sourcecode.swift; path = UISlider_Extensions_PercentageAtPointTests.swift; sourceTree = "<group>"; };
		45B87FEE1DFF3EBD00EFCD57 /* UISlider_Extensions_ValueAtPointTests.swift */ = {isa = PBXFileReference; fileEncoding = 4; lastKnownFileType = sourcecode.swift; path = UISlider_Extensions_ValueAtPointTests.swift; sourceTree = "<group>"; };
		45B87FEF1DFF3EBD00EFCD57 /* UISlider_Extensions_ValuePercentageTests.swift */ = {isa = PBXFileReference; fileEncoding = 4; lastKnownFileType = sourcecode.swift; path = UISlider_Extensions_ValuePercentageTests.swift; sourceTree = "<group>"; };
		45B87FF01DFF3EBD00EFCD57 /* UISlider_HitTests.swift */ = {isa = PBXFileReference; fileEncoding = 4; lastKnownFileType = sourcecode.swift; path = UISlider_HitTests.swift; sourceTree = "<group>"; };
		45B880011DFF3FF400EFCD57 /* UIView_EmptyTests.swift */ = {isa = PBXFileReference; fileEncoding = 4; lastKnownFileType = sourcecode.swift; path = UIView_EmptyTests.swift; sourceTree = "<group>"; };
		45B880021DFF3FF400EFCD57 /* UIView_HitTests.swift */ = {isa = PBXFileReference; fileEncoding = 4; lastKnownFileType = sourcecode.swift; path = UIView_HitTests.swift; sourceTree = "<group>"; };
		45B880031DFF3FF400EFCD57 /* UIView_RoundTests.swift */ = {isa = PBXFileReference; fileEncoding = 4; lastKnownFileType = sourcecode.swift; path = UIView_RoundTests.swift; sourceTree = "<group>"; };
		45BCF6381E6B59F6008ABBAA /* BiometricsAuthorizationServiceTests.swift */ = {isa = PBXFileReference; fileEncoding = 4; lastKnownFileType = sourcecode.swift; path = BiometricsAuthorizationServiceTests.swift; sourceTree = "<group>"; };
		45C8B5E81E01EC200092F1E3 /* AdaptiveFileSizePresenterTests.swift */ = {isa = PBXFileReference; fileEncoding = 4; lastKnownFileType = sourcecode.swift; path = AdaptiveFileSizePresenterTests.swift; sourceTree = "<group>"; };
		45C8B5EB1E01EC200092F1E3 /* FileSizeBytesPresenterTests.swift */ = {isa = PBXFileReference; fileEncoding = 4; lastKnownFileType = sourcecode.swift; path = FileSizeBytesPresenterTests.swift; sourceTree = "<group>"; };
		45C8B5FA1E01EF740092F1E3 /* Numeric_FormatTests.swift */ = {isa = PBXFileReference; fileEncoding = 4; lastKnownFileType = sourcecode.swift; path = Numeric_FormatTests.swift; sourceTree = "<group>"; };
		45E887971DFFCD7A0081A5C4 /* Array_ElementsOfTypeTests.swift */ = {isa = PBXFileReference; fileEncoding = 4; lastKnownFileType = sourcecode.swift; path = Array_ElementsOfTypeTests.swift; sourceTree = "<group>"; };
		45E8879A1E00786D0081A5C4 /* Array_RandomElementTests.swift */ = {isa = PBXFileReference; fileEncoding = 4; lastKnownFileType = sourcecode.swift; path = Array_RandomElementTests.swift; sourceTree = "<group>"; };
		45E887A81E008B1B0081A5C4 /* Numeric_RandomTests.swift */ = {isa = PBXFileReference; fileEncoding = 4; lastKnownFileType = sourcecode.swift; path = Numeric_RandomTests.swift; sourceTree = "<group>"; };
		45E887AB1E00A1C50081A5C4 /* Array_RemoveObjectTests.swift */ = {isa = PBXFileReference; fileEncoding = 4; lastKnownFileType = sourcecode.swift; path = Array_RemoveObjectTests.swift; sourceTree = "<group>"; };
		5B205D95EABB73FDF9F26DA3 /* iExtra.podspec */ = {isa = PBXFileReference; includeInIndex = 1; lastKnownFileType = text; name = iExtra.podspec; path = ../iExtra.podspec; sourceTree = "<group>"; };
		607FACD01AFB9204008FA782 /* iExtra_Example.app */ = {isa = PBXFileReference; explicitFileType = wrapper.application; includeInIndex = 0; path = iExtra_Example.app; sourceTree = BUILT_PRODUCTS_DIR; };
		607FACD41AFB9204008FA782 /* Info.plist */ = {isa = PBXFileReference; lastKnownFileType = text.plist.xml; path = Info.plist; sourceTree = "<group>"; };
		607FACD51AFB9204008FA782 /* AppDelegate.swift */ = {isa = PBXFileReference; lastKnownFileType = sourcecode.swift; path = AppDelegate.swift; sourceTree = "<group>"; };
		607FACD71AFB9204008FA782 /* ViewController.swift */ = {isa = PBXFileReference; lastKnownFileType = sourcecode.swift; path = ViewController.swift; sourceTree = "<group>"; };
		607FACDA1AFB9204008FA782 /* Base */ = {isa = PBXFileReference; lastKnownFileType = file.storyboard; name = Base; path = Base.lproj/Main.storyboard; sourceTree = "<group>"; };
		607FACDC1AFB9204008FA782 /* Images.xcassets */ = {isa = PBXFileReference; lastKnownFileType = folder.assetcatalog; path = Images.xcassets; sourceTree = "<group>"; };
		607FACDF1AFB9204008FA782 /* Base */ = {isa = PBXFileReference; lastKnownFileType = file.xib; name = Base; path = Base.lproj/LaunchScreen.xib; sourceTree = "<group>"; };
		607FACE51AFB9204008FA782 /* iExtra_Tests.xctest */ = {isa = PBXFileReference; explicitFileType = wrapper.cfbundle; includeInIndex = 0; path = iExtra_Tests.xctest; sourceTree = BUILT_PRODUCTS_DIR; };
		607FACEA1AFB9204008FA782 /* Info.plist */ = {isa = PBXFileReference; lastKnownFileType = text.plist.xml; path = Info.plist; sourceTree = "<group>"; };
		64375B5D28621B8F33AEEC1D /* Pods-iExtra_Tests.release.xcconfig */ = {isa = PBXFileReference; includeInIndex = 1; lastKnownFileType = text.xcconfig; name = "Pods-iExtra_Tests.release.xcconfig"; path = "Pods/Target Support Files/Pods-iExtra_Tests/Pods-iExtra_Tests.release.xcconfig"; sourceTree = "<group>"; };
		730C38F88A99BDCB6D7646C2 /* Pods-iExtra_Example.debug.xcconfig */ = {isa = PBXFileReference; includeInIndex = 1; lastKnownFileType = text.xcconfig; name = "Pods-iExtra_Example.debug.xcconfig"; path = "Pods/Target Support Files/Pods-iExtra_Example/Pods-iExtra_Example.debug.xcconfig"; sourceTree = "<group>"; };
		C22639B945C2567A970FE0A5 /* README.md */ = {isa = PBXFileReference; includeInIndex = 1; lastKnownFileType = net.daringfireball.markdown; name = README.md; path = ../README.md; sourceTree = "<group>"; };
		D3547E0F4ADA5068213CFCB7 /* Pods_iExtra_Example.framework */ = {isa = PBXFileReference; explicitFileType = wrapper.framework; includeInIndex = 0; path = Pods_iExtra_Example.framework; sourceTree = BUILT_PRODUCTS_DIR; };
		EB7304A77BE82FBE6C7E939F /* Pods-iExtra_Example.release.xcconfig */ = {isa = PBXFileReference; includeInIndex = 1; lastKnownFileType = text.xcconfig; name = "Pods-iExtra_Example.release.xcconfig"; path = "Pods/Target Support Files/Pods-iExtra_Example/Pods-iExtra_Example.release.xcconfig"; sourceTree = "<group>"; };
/* End PBXFileReference section */

/* Begin PBXFrameworksBuildPhase section */
		607FACCD1AFB9204008FA782 /* Frameworks */ = {
			isa = PBXFrameworksBuildPhase;
			buildActionMask = 2147483647;
			files = (
				827C56B7C235CB243581760D /* Pods_iExtra_Example.framework in Frameworks */,
			);
			runOnlyForDeploymentPostprocessing = 0;
		};
		607FACE21AFB9204008FA782 /* Frameworks */ = {
			isa = PBXFrameworksBuildPhase;
			buildActionMask = 2147483647;
			files = (
				98C7F2B4E251256E227C5AE1 /* Pods_iExtra_Tests.framework in Frameworks */,
			);
			runOnlyForDeploymentPostprocessing = 0;
		};
/* End PBXFrameworksBuildPhase section */

/* Begin PBXGroup section */
		451857DA1DF4970D006DF9D3 /* Data */ = {
			isa = PBXGroup;
			children = (
				451857DB1DF49717006DF9D3 /* UuidGeneratorTests.swift */,
			);
			path = Data;
			sourceTree = "<group>";
		};
		4561CF231DF3775B003D940A /* Device */ = {
			isa = PBXGroup;
			children = (
				4561CF241DF3775B003D940A /* KeychainBasedDeviceIdentifierTests.swift */,
			);
			path = Device;
			sourceTree = "<group>";
		};
		4561CF251DF3775B003D940A /* Extensions */ = {
			isa = PBXGroup;
			children = (
				45E887971DFFCD7A0081A5C4 /* Array_ElementsOfTypeTests.swift */,
				45A90BBE1E95189E0097F54B /* Array_GroupTests.swift */,
				45E8879A1E00786D0081A5C4 /* Array_RandomElementTests.swift */,
				45E887AB1E00A1C50081A5C4 /* Array_RemoveObjectTests.swift */,
				4555474E1E00A89600A9477A /* Collection_ShuffleTests.swift */,
				4561CF261DF3775B003D940A /* NSObject_ClassNameTests.swift */,
				45C8B5FA1E01EF740092F1E3 /* Numeric_FormatTests.swift */,
				45E887A81E008B1B0081A5C4 /* Numeric_RandomTests.swift */,
				45A90BC11E9518D90097F54B /* Set_GroupTests.swift */,
				45B87FDA1DFF3E5900EFCD57 /* String_Base64Tests.swift */,
				455547511E00A9D600A9477A /* String_ContainsTests.swift */,
				45B87FDB1DFF3E5900EFCD57 /* String_UrlEncodeTests.swift */,
				45B87FDC1DFF3E5900EFCD57 /* Url_QueryParametersTests.swift */,
			);
			path = Extensions;
			sourceTree = "<group>";
		};
		4561CF271DF3775B003D940A /* IoC */ = {
			isa = PBXGroup;
			children = (
				4561CF281DF3775B003D940A /* IoCTests.swift */,
			);
			path = IoC;
			sourceTree = "<group>";
		};
		4561CF291DF3775B003D940A /* Keychain */ = {
			isa = PBXGroup;
			children = (
				4561CF2A1DF3775B003D940A /* KeychainServiceTestClass.swift */,
			);
			path = Keychain;
			sourceTree = "<group>";
		};
		4561CF2B1DF3775B003D940A /* UI */ = {
			isa = PBXGroup;
			children = (
				4561CF2C1DF3775B003D940A /* Extensions */,
			);
			path = UI;
			sourceTree = "<group>";
		};
		4561CF2C1DF3775B003D940A /* Extensions */ = {
			isa = PBXGroup;
			children = (
				4567A6BC1E95369D00E8F312 /* UIButton */,
				4567A70E1E9BD94100E8F312 /* UICollectionView */,
				45B87FCB1DFF3E2A00EFCD57 /* UIColor_HexTests.swift */,
				45B87FCC1DFF3E2A00EFCD57 /* UINavigationBar_TransparentTests.swift */,
				45B87FEA1DFF3EBD00EFCD57 /* UISlider */,
				4561CF2D1DF3775B003D940A /* UITableView */,
				4561CF331DF3775B003D940A /* UIView */,
			);
			path = Extensions;
			sourceTree = "<group>";
		};
		4561CF2D1DF3775B003D940A /* UITableView */ = {
			isa = PBXGroup;
			children = (
				4561CF2F1DF3775B003D940A /* UITableView_DefaultNibTests.swift */,
				452C9BB81E323CE000CC5746 /* UITableView_Reload.swift */,
			);
			path = UITableView;
			sourceTree = "<group>";
		};
		4561CF331DF3775B003D940A /* UIView */ = {
			isa = PBXGroup;
			children = (
				45B880011DFF3FF400EFCD57 /* UIView_EmptyTests.swift */,
				45B880021DFF3FF400EFCD57 /* UIView_HitTests.swift */,
				4561CF341DF3775B003D940A /* UIView_NibTests.swift */,
				452C9BBE1E323E2C00CC5746 /* UIView_ReuseIdentifierTests.swift */,
				45B880031DFF3FF400EFCD57 /* UIView_RoundTests.swift */,
				4561CF351DF3775B003D940A /* UIView_VisibilityTests.swift */,
			);
			path = UIView;
			sourceTree = "<group>";
		};
		4567A6BC1E95369D00E8F312 /* UIButton */ = {
			isa = PBXGroup;
			children = (
				4567A6BD1E9536B100E8F312 /* UIButton_ImageMarginTests.swift */,
			);
			path = UIButton;
			sourceTree = "<group>";
		};
		4567A70E1E9BD94100E8F312 /* UICollectionView */ = {
			isa = PBXGroup;
			children = (
				4567A7101E9BD94100E8F312 /* UICollectionView_DefaultNibTests.swift */,
			);
			path = UICollectionView;
			sourceTree = "<group>";
		};
		45B87FEA1DFF3EBD00EFCD57 /* UISlider */ = {
			isa = PBXGroup;
			children = (
				45B87FEB1DFF3EBD00EFCD57 /* UISlider_Extensions_ButtonPositionTests.swift */,
				45B87FEC1DFF3EBD00EFCD57 /* UISlider_Extensions_ButtonSizeTests.swift */,
				45B87FED1DFF3EBD00EFCD57 /* UISlider_Extensions_PercentageAtPointTests.swift */,
				45B87FEE1DFF3EBD00EFCD57 /* UISlider_Extensions_ValueAtPointTests.swift */,
				45B87FEF1DFF3EBD00EFCD57 /* UISlider_Extensions_ValuePercentageTests.swift */,
				45B87FF01DFF3EBD00EFCD57 /* UISlider_HitTests.swift */,
			);
			path = UISlider;
			sourceTree = "<group>";
		};
		45BCF6371E6B59CB008ABBAA /* Authorization */ = {
			isa = PBXGroup;
			children = (
				45BCF6381E6B59F6008ABBAA /* BiometricsAuthorizationServiceTests.swift */,
			);
			path = Authorization;
			sourceTree = "<group>";
		};
		45C8B5E71E01EC200092F1E3 /* Files */ = {
			isa = PBXGroup;
			children = (
				454D98241E086623002B127E /* AppFileManagerDefaultTests.swift */,
				454D98251E086623002B127E /* DirectoryFileManagerDefaultTests.swift */,
				454D98261E086623002B127E /* FilteredDirectoryFileManagerTests.swift */,
				45C8B5E81E01EC200092F1E3 /* AdaptiveFileSizePresenterTests.swift */,
				45C8B5EB1E01EC200092F1E3 /* FileSizeBytesPresenterTests.swift */,
			);
			path = Files;
			sourceTree = "<group>";
		};
		607FACC71AFB9204008FA782 = {
			isa = PBXGroup;
			children = (
				607FACF51AFB993E008FA782 /* Podspec Metadata */,
				607FACD21AFB9204008FA782 /* Example for iExtra */,
				607FACE81AFB9204008FA782 /* Tests */,
				607FACD11AFB9204008FA782 /* Products */,
				F01DA19337DC17AC3049C350 /* Pods */,
				BE95EF8CAB2DB586977AE1C5 /* Frameworks */,
			);
			sourceTree = "<group>";
		};
		607FACD11AFB9204008FA782 /* Products */ = {
			isa = PBXGroup;
			children = (
				607FACD01AFB9204008FA782 /* iExtra_Example.app */,
				607FACE51AFB9204008FA782 /* iExtra_Tests.xctest */,
			);
			name = Products;
			sourceTree = "<group>";
		};
		607FACD21AFB9204008FA782 /* Example for iExtra */ = {
			isa = PBXGroup;
			children = (
				607FACD51AFB9204008FA782 /* AppDelegate.swift */,
				607FACD71AFB9204008FA782 /* ViewController.swift */,
				607FACD91AFB9204008FA782 /* Main.storyboard */,
				607FACDC1AFB9204008FA782 /* Images.xcassets */,
				607FACDE1AFB9204008FA782 /* LaunchScreen.xib */,
				607FACD31AFB9204008FA782 /* Supporting Files */,
			);
			name = "Example for iExtra";
			path = iExtra;
			sourceTree = "<group>";
		};
		607FACD31AFB9204008FA782 /* Supporting Files */ = {
			isa = PBXGroup;
			children = (
				607FACD41AFB9204008FA782 /* Info.plist */,
			);
			name = "Supporting Files";
			sourceTree = "<group>";
		};
		607FACE81AFB9204008FA782 /* Tests */ = {
			isa = PBXGroup;
			children = (
				45BCF6371E6B59CB008ABBAA /* Authorization */,
				45C8B5E71E01EC200092F1E3 /* Files */,
				451857DA1DF4970D006DF9D3 /* Data */,
				4561CF231DF3775B003D940A /* Device */,
				4561CF251DF3775B003D940A /* Extensions */,
				4561CF271DF3775B003D940A /* IoC */,
				4561CF291DF3775B003D940A /* Keychain */,
				4561CF2B1DF3775B003D940A /* UI */,
				607FACE91AFB9204008FA782 /* Supporting Files */,
			);
			path = Tests;
			sourceTree = "<group>";
		};
		607FACE91AFB9204008FA782 /* Supporting Files */ = {
			isa = PBXGroup;
			children = (
				607FACEA1AFB9204008FA782 /* Info.plist */,
			);
			name = "Supporting Files";
			sourceTree = "<group>";
		};
		607FACF51AFB993E008FA782 /* Podspec Metadata */ = {
			isa = PBXGroup;
			children = (
				5B205D95EABB73FDF9F26DA3 /* iExtra.podspec */,
				C22639B945C2567A970FE0A5 /* README.md */,
				1173FA6AA02DAC51DB0DB55B /* LICENSE */,
			);
			name = "Podspec Metadata";
			sourceTree = "<group>";
		};
		BE95EF8CAB2DB586977AE1C5 /* Frameworks */ = {
			isa = PBXGroup;
			children = (
				D3547E0F4ADA5068213CFCB7 /* Pods_iExtra_Example.framework */,
				3D341B7124E17395A39E9A69 /* Pods_iExtra_Tests.framework */,
			);
			name = Frameworks;
			sourceTree = "<group>";
		};
		F01DA19337DC17AC3049C350 /* Pods */ = {
			isa = PBXGroup;
			children = (
				730C38F88A99BDCB6D7646C2 /* Pods-iExtra_Example.debug.xcconfig */,
				EB7304A77BE82FBE6C7E939F /* Pods-iExtra_Example.release.xcconfig */,
				060AF76DC5CC242CA17488C4 /* Pods-iExtra_Tests.debug.xcconfig */,
				64375B5D28621B8F33AEEC1D /* Pods-iExtra_Tests.release.xcconfig */,
			);
			name = Pods;
			sourceTree = "<group>";
		};
/* End PBXGroup section */

/* Begin PBXNativeTarget section */
		607FACCF1AFB9204008FA782 /* iExtra_Example */ = {
			isa = PBXNativeTarget;
			buildConfigurationList = 607FACEF1AFB9204008FA782 /* Build configuration list for PBXNativeTarget "iExtra_Example" */;
			buildPhases = (
				877E86656787094A658CB5F9 /* [CP] Check Pods Manifest.lock */,
				607FACCC1AFB9204008FA782 /* Sources */,
				607FACCD1AFB9204008FA782 /* Frameworks */,
				607FACCE1AFB9204008FA782 /* Resources */,
				BF640E00454F8C0DDC048E59 /* [CP] Embed Pods Frameworks */,
				6B70D83A15F998931D97B811 /* [CP] Copy Pods Resources */,
			);
			buildRules = (
			);
			dependencies = (
			);
			name = iExtra_Example;
			productName = iExtra;
			productReference = 607FACD01AFB9204008FA782 /* iExtra_Example.app */;
			productType = "com.apple.product-type.application";
		};
		607FACE41AFB9204008FA782 /* iExtra_Tests */ = {
			isa = PBXNativeTarget;
			buildConfigurationList = 607FACF21AFB9204008FA782 /* Build configuration list for PBXNativeTarget "iExtra_Tests" */;
			buildPhases = (
				77B84792E4F2D7E0CC94C562 /* [CP] Check Pods Manifest.lock */,
				607FACE11AFB9204008FA782 /* Sources */,
				607FACE21AFB9204008FA782 /* Frameworks */,
				607FACE31AFB9204008FA782 /* Resources */,
				6416471270B3BE48F559B63A /* [CP] Embed Pods Frameworks */,
				74CB3C60D882851D21E7EA17 /* [CP] Copy Pods Resources */,
			);
			buildRules = (
			);
			dependencies = (
				607FACE71AFB9204008FA782 /* PBXTargetDependency */,
			);
			name = iExtra_Tests;
			productName = Tests;
			productReference = 607FACE51AFB9204008FA782 /* iExtra_Tests.xctest */;
			productType = "com.apple.product-type.bundle.unit-test";
		};
/* End PBXNativeTarget section */

/* Begin PBXProject section */
		607FACC81AFB9204008FA782 /* Project object */ = {
			isa = PBXProject;
			attributes = {
				LastSwiftUpdateCheck = 0720;
				LastUpgradeCheck = 0830;
				ORGANIZATIONNAME = "Daniel Saidi";
				TargetAttributes = {
					607FACCF1AFB9204008FA782 = {
						CreatedOnToolsVersion = 6.3.1;
						DevelopmentTeam = PMEDFW438U;
						LastSwiftMigration = 0810;
					};
					607FACE41AFB9204008FA782 = {
						CreatedOnToolsVersion = 6.3.1;
						DevelopmentTeam = PMEDFW438U;
						LastSwiftMigration = 0810;
						TestTargetID = 607FACCF1AFB9204008FA782;
					};
				};
			};
			buildConfigurationList = 607FACCB1AFB9204008FA782 /* Build configuration list for PBXProject "iExtra" */;
			compatibilityVersion = "Xcode 3.2";
			developmentRegion = English;
			hasScannedForEncodings = 0;
			knownRegions = (
				en,
				Base,
			);
			mainGroup = 607FACC71AFB9204008FA782;
			productRefGroup = 607FACD11AFB9204008FA782 /* Products */;
			projectDirPath = "";
			projectRoot = "";
			targets = (
				607FACCF1AFB9204008FA782 /* iExtra_Example */,
				607FACE41AFB9204008FA782 /* iExtra_Tests */,
			);
		};
/* End PBXProject section */

/* Begin PBXResourcesBuildPhase section */
		607FACCE1AFB9204008FA782 /* Resources */ = {
			isa = PBXResourcesBuildPhase;
			buildActionMask = 2147483647;
			files = (
				607FACDB1AFB9204008FA782 /* Main.storyboard in Resources */,
				607FACE01AFB9204008FA782 /* LaunchScreen.xib in Resources */,
				607FACDD1AFB9204008FA782 /* Images.xcassets in Resources */,
			);
			runOnlyForDeploymentPostprocessing = 0;
		};
		607FACE31AFB9204008FA782 /* Resources */ = {
			isa = PBXResourcesBuildPhase;
			buildActionMask = 2147483647;
			files = (
			);
			runOnlyForDeploymentPostprocessing = 0;
		};
/* End PBXResourcesBuildPhase section */

/* Begin PBXShellScriptBuildPhase section */
		6416471270B3BE48F559B63A /* [CP] Embed Pods Frameworks */ = {
			isa = PBXShellScriptBuildPhase;
			buildActionMask = 2147483647;
			files = (
			);
			inputPaths = (
			);
			name = "[CP] Embed Pods Frameworks";
			outputPaths = (
			);
			runOnlyForDeploymentPostprocessing = 0;
			shellPath = /bin/sh;
			shellScript = "\"${SRCROOT}/Pods/Target Support Files/Pods-iExtra_Tests/Pods-iExtra_Tests-frameworks.sh\"\n";
			showEnvVarsInLog = 0;
		};
		6B70D83A15F998931D97B811 /* [CP] Copy Pods Resources */ = {
			isa = PBXShellScriptBuildPhase;
			buildActionMask = 2147483647;
			files = (
			);
			inputPaths = (
			);
			name = "[CP] Copy Pods Resources";
			outputPaths = (
			);
			runOnlyForDeploymentPostprocessing = 0;
			shellPath = /bin/sh;
			shellScript = "\"${SRCROOT}/Pods/Target Support Files/Pods-iExtra_Example/Pods-iExtra_Example-resources.sh\"\n";
			showEnvVarsInLog = 0;
		};
		74CB3C60D882851D21E7EA17 /* [CP] Copy Pods Resources */ = {
			isa = PBXShellScriptBuildPhase;
			buildActionMask = 2147483647;
			files = (
			);
			inputPaths = (
			);
			name = "[CP] Copy Pods Resources";
			outputPaths = (
			);
			runOnlyForDeploymentPostprocessing = 0;
			shellPath = /bin/sh;
			shellScript = "\"${SRCROOT}/Pods/Target Support Files/Pods-iExtra_Tests/Pods-iExtra_Tests-resources.sh\"\n";
			showEnvVarsInLog = 0;
		};
		77B84792E4F2D7E0CC94C562 /* [CP] Check Pods Manifest.lock */ = {
			isa = PBXShellScriptBuildPhase;
			buildActionMask = 2147483647;
			files = (
			);
			inputPaths = (
			);
			name = "[CP] Check Pods Manifest.lock";
			outputPaths = (
			);
			runOnlyForDeploymentPostprocessing = 0;
			shellPath = /bin/sh;
			shellScript = "diff \"${PODS_ROOT}/../Podfile.lock\" \"${PODS_ROOT}/Manifest.lock\" > /dev/null\nif [ $? != 0 ] ; then\n    # print error to STDERR\n    echo \"error: The sandbox is not in sync with the Podfile.lock. Run 'pod install' or update your CocoaPods installation.\" >&2\n    exit 1\nfi\n";
			showEnvVarsInLog = 0;
		};
		877E86656787094A658CB5F9 /* [CP] Check Pods Manifest.lock */ = {
			isa = PBXShellScriptBuildPhase;
			buildActionMask = 2147483647;
			files = (
			);
			inputPaths = (
			);
			name = "[CP] Check Pods Manifest.lock";
			outputPaths = (
			);
			runOnlyForDeploymentPostprocessing = 0;
			shellPath = /bin/sh;
			shellScript = "diff \"${PODS_ROOT}/../Podfile.lock\" \"${PODS_ROOT}/Manifest.lock\" > /dev/null\nif [ $? != 0 ] ; then\n    # print error to STDERR\n    echo \"error: The sandbox is not in sync with the Podfile.lock. Run 'pod install' or update your CocoaPods installation.\" >&2\n    exit 1\nfi\n";
			showEnvVarsInLog = 0;
		};
		BF640E00454F8C0DDC048E59 /* [CP] Embed Pods Frameworks */ = {
			isa = PBXShellScriptBuildPhase;
			buildActionMask = 2147483647;
			files = (
			);
			inputPaths = (
			);
			name = "[CP] Embed Pods Frameworks";
			outputPaths = (
			);
			runOnlyForDeploymentPostprocessing = 0;
			shellPath = /bin/sh;
			shellScript = "\"${SRCROOT}/Pods/Target Support Files/Pods-iExtra_Example/Pods-iExtra_Example-frameworks.sh\"\n";
			showEnvVarsInLog = 0;
		};
/* End PBXShellScriptBuildPhase section */

/* Begin PBXSourcesBuildPhase section */
		607FACCC1AFB9204008FA782 /* Sources */ = {
			isa = PBXSourcesBuildPhase;
			buildActionMask = 2147483647;
			files = (
				452C9BB91E323CE000CC5746 /* UITableView_Reload.swift in Sources */,
				607FACD81AFB9204008FA782 /* ViewController.swift in Sources */,
				607FACD61AFB9204008FA782 /* AppDelegate.swift in Sources */,
			);
			runOnlyForDeploymentPostprocessing = 0;
		};
		607FACE11AFB9204008FA782 /* Sources */ = {
			isa = PBXSourcesBuildPhase;
			buildActionMask = 2147483647;
			files = (
				45B880101DFF404000EFCD57 /* UIView_VisibilityTests.swift in Sources */,
				45B87FFA1DFF3EC600EFCD57 /* UISlider_Extensions_ValueAtPointTests.swift in Sources */,
				45A90BC31E9518F30097F54B /* Set_GroupTests.swift in Sources */,
				4561CF451DF37794003D940A /* UITableView_DefaultNibTests.swift in Sources */,
				45B87FE71DFF3E5F00EFCD57 /* Url_QueryParametersTests.swift in Sources */,
				45B87FE51DFF3E5F00EFCD57 /* String_Base64Tests.swift in Sources */,
				45E887991DFFCD950081A5C4 /* Array_ElementsOfTypeTests.swift in Sources */,
				45B87FF71DFF3EC600EFCD57 /* UISlider_Extensions_ButtonPositionTests.swift in Sources */,
				454D982C1E08665F002B127E /* AppFileManagerDefaultTests.swift in Sources */,
				45B8800D1DFF404000EFCD57 /* UIView_HitTests.swift in Sources */,
				4561CF431DF3778F003D940A /* KeychainServiceTestClass.swift in Sources */,
				45B8800F1DFF404000EFCD57 /* UIView_NibTests.swift in Sources */,
				455547501E00A8AB00A9477A /* Collection_ShuffleTests.swift in Sources */,
				45B87FD01DFF3E3600EFCD57 /* UINavigationBar_TransparentTests.swift in Sources */,
				45C8B5FC1E01EF870092F1E3 /* Numeric_FormatTests.swift in Sources */,
				45E887AA1E008B2F0081A5C4 /* Numeric_RandomTests.swift in Sources */,
				45B8800C1DFF404000EFCD57 /* UIView_EmptyTests.swift in Sources */,
				45B87FFB1DFF3EC600EFCD57 /* UISlider_Extensions_ValuePercentageTests.swift in Sources */,
				45B87FFC1DFF3EC600EFCD57 /* UISlider_HitTests.swift in Sources */,
				451857DD1DF4972C006DF9D3 /* UuidGeneratorTests.swift in Sources */,
				45B8800E1DFF404000EFCD57 /* UIView_RoundTests.swift in Sources */,
				4555474B1E00A2AC00A9477A /* Array_RemoveObjectTests.swift in Sources */,
				454D982A1E086659002B127E /* FilteredDirectoryFileManagerTests.swift in Sources */,
				45B87FF91DFF3EC600EFCD57 /* UISlider_Extensions_PercentageAtPointTests.swift in Sources */,
				45B87FE81DFF3E5F00EFCD57 /* NSObject_ClassNameTests.swift in Sources */,
				45C8B5F31E01EC240092F1E3 /* FileSizeBytesPresenterTests.swift in Sources */,
				452C9BC01E323E5300CC5746 /* UIView_ReuseIdentifierTests.swift in Sources */,
				4561CF401DF37780003D940A /* KeychainBasedDeviceIdentifierTests.swift in Sources */,
				45E8879C1E0078860081A5C4 /* Array_RandomElementTests.swift in Sources */,
				45B87FE61DFF3E5F00EFCD57 /* String_UrlEncodeTests.swift in Sources */,
				45C8B5F01E01EC240092F1E3 /* AdaptiveFileSizePresenterTests.swift in Sources */,
				45B87FCF1DFF3E3200EFCD57 /* UIColor_HexTests.swift in Sources */,
				45BCF63A1E6B5A04008ABBAA /* BiometricsAuthorizationServiceTests.swift in Sources */,
				45A90BC01E9518A50097F54B /* Array_GroupTests.swift in Sources */,
				4561CF421DF3778C003D940A /* IoCTests.swift in Sources */,
				454D982B1E08665C002B127E /* DirectoryFileManagerDefaultTests.swift in Sources */,
				455547531E00A9D800A9477A /* String_ContainsTests.swift in Sources */,
				4567A7141E9BD94600E8F312 /* UICollectionView_DefaultNibTests.swift in Sources */,
				45B87FF81DFF3EC600EFCD57 /* UISlider_Extensions_ButtonSizeTests.swift in Sources */,
				4567A6BF1E9536C200E8F312 /* UIButton_ImageMarginTests.swift in Sources */,
			);
			runOnlyForDeploymentPostprocessing = 0;
		};
/* End PBXSourcesBuildPhase section */

/* Begin PBXTargetDependency section */
		607FACE71AFB9204008FA782 /* PBXTargetDependency */ = {
			isa = PBXTargetDependency;
			target = 607FACCF1AFB9204008FA782 /* iExtra_Example */;
			targetProxy = 607FACE61AFB9204008FA782 /* PBXContainerItemProxy */;
		};
/* End PBXTargetDependency section */

/* Begin PBXVariantGroup section */
		607FACD91AFB9204008FA782 /* Main.storyboard */ = {
			isa = PBXVariantGroup;
			children = (
				607FACDA1AFB9204008FA782 /* Base */,
			);
			name = Main.storyboard;
			sourceTree = "<group>";
		};
		607FACDE1AFB9204008FA782 /* LaunchScreen.xib */ = {
			isa = PBXVariantGroup;
			children = (
				607FACDF1AFB9204008FA782 /* Base */,
			);
			name = LaunchScreen.xib;
			sourceTree = "<group>";
		};
/* End PBXVariantGroup section */

/* Begin XCBuildConfiguration section */
		607FACED1AFB9204008FA782 /* Debug */ = {
			isa = XCBuildConfiguration;
			buildSettings = {
				ALWAYS_SEARCH_USER_PATHS = NO;
				CLANG_CXX_LANGUAGE_STANDARD = "gnu++0x";
				CLANG_CXX_LIBRARY = "libc++";
				CLANG_ENABLE_MODULES = YES;
				CLANG_ENABLE_OBJC_ARC = YES;
				CLANG_WARN_BOOL_CONVERSION = YES;
				CLANG_WARN_CONSTANT_CONVERSION = YES;
				CLANG_WARN_DIRECT_OBJC_ISA_USAGE = YES_ERROR;
				CLANG_WARN_EMPTY_BODY = YES;
				CLANG_WARN_ENUM_CONVERSION = YES;
				CLANG_WARN_INFINITE_RECURSION = YES;
				CLANG_WARN_INT_CONVERSION = YES;
				CLANG_WARN_OBJC_ROOT_CLASS = YES_ERROR;
				CLANG_WARN_SUSPICIOUS_MOVE = YES;
				CLANG_WARN_UNREACHABLE_CODE = YES;
				CLANG_WARN__DUPLICATE_METHOD_MATCH = YES;
				"CODE_SIGN_IDENTITY[sdk=iphoneos*]" = "iPhone Developer";
				COPY_PHASE_STRIP = NO;
				DEBUG_INFORMATION_FORMAT = "dwarf-with-dsym";
				ENABLE_STRICT_OBJC_MSGSEND = YES;
				ENABLE_TESTABILITY = YES;
				GCC_C_LANGUAGE_STANDARD = gnu99;
				GCC_DYNAMIC_NO_PIC = NO;
				GCC_NO_COMMON_BLOCKS = YES;
				GCC_OPTIMIZATION_LEVEL = 0;
				GCC_PREPROCESSOR_DEFINITIONS = (
					"DEBUG=1",
					"$(inherited)",
				);
				GCC_SYMBOLS_PRIVATE_EXTERN = NO;
				GCC_WARN_64_TO_32_BIT_CONVERSION = YES;
				GCC_WARN_ABOUT_RETURN_TYPE = YES_ERROR;
				GCC_WARN_UNDECLARED_SELECTOR = YES;
				GCC_WARN_UNINITIALIZED_AUTOS = YES_AGGRESSIVE;
				GCC_WARN_UNUSED_FUNCTION = YES;
				GCC_WARN_UNUSED_VARIABLE = YES;
				IPHONEOS_DEPLOYMENT_TARGET = 8.3;
				MTL_ENABLE_DEBUG_INFO = YES;
				ONLY_ACTIVE_ARCH = YES;
				SDKROOT = iphoneos;
				SWIFT_OPTIMIZATION_LEVEL = "-Onone";
			};
			name = Debug;
		};
		607FACEE1AFB9204008FA782 /* Release */ = {
			isa = XCBuildConfiguration;
			buildSettings = {
				ALWAYS_SEARCH_USER_PATHS = NO;
				CLANG_CXX_LANGUAGE_STANDARD = "gnu++0x";
				CLANG_CXX_LIBRARY = "libc++";
				CLANG_ENABLE_MODULES = YES;
				CLANG_ENABLE_OBJC_ARC = YES;
				CLANG_WARN_BOOL_CONVERSION = YES;
				CLANG_WARN_CONSTANT_CONVERSION = YES;
				CLANG_WARN_DIRECT_OBJC_ISA_USAGE = YES_ERROR;
				CLANG_WARN_EMPTY_BODY = YES;
				CLANG_WARN_ENUM_CONVERSION = YES;
				CLANG_WARN_INFINITE_RECURSION = YES;
				CLANG_WARN_INT_CONVERSION = YES;
				CLANG_WARN_OBJC_ROOT_CLASS = YES_ERROR;
				CLANG_WARN_SUSPICIOUS_MOVE = YES;
				CLANG_WARN_UNREACHABLE_CODE = YES;
				CLANG_WARN__DUPLICATE_METHOD_MATCH = YES;
				"CODE_SIGN_IDENTITY[sdk=iphoneos*]" = "iPhone Developer";
				COPY_PHASE_STRIP = NO;
				DEBUG_INFORMATION_FORMAT = "dwarf-with-dsym";
				ENABLE_NS_ASSERTIONS = NO;
				ENABLE_STRICT_OBJC_MSGSEND = YES;
				GCC_C_LANGUAGE_STANDARD = gnu99;
				GCC_NO_COMMON_BLOCKS = YES;
				GCC_WARN_64_TO_32_BIT_CONVERSION = YES;
				GCC_WARN_ABOUT_RETURN_TYPE = YES_ERROR;
				GCC_WARN_UNDECLARED_SELECTOR = YES;
				GCC_WARN_UNINITIALIZED_AUTOS = YES_AGGRESSIVE;
				GCC_WARN_UNUSED_FUNCTION = YES;
				GCC_WARN_UNUSED_VARIABLE = YES;
				IPHONEOS_DEPLOYMENT_TARGET = 8.3;
				MTL_ENABLE_DEBUG_INFO = NO;
				SDKROOT = iphoneos;
				SWIFT_OPTIMIZATION_LEVEL = "-Owholemodule";
				VALIDATE_PRODUCT = YES;
			};
			name = Release;
		};
		607FACF01AFB9204008FA782 /* Debug */ = {
			isa = XCBuildConfiguration;
			baseConfigurationReference = 730C38F88A99BDCB6D7646C2 /* Pods-iExtra_Example.debug.xcconfig */;
			buildSettings = {
				ASSETCATALOG_COMPILER_APPICON_NAME = AppIcon;
				DEVELOPMENT_TEAM = PMEDFW438U;
				INFOPLIST_FILE = iExtra/Info.plist;
				LD_RUNPATH_SEARCH_PATHS = "$(inherited) @executable_path/Frameworks";
				MODULE_NAME = ExampleApp;
				PRODUCT_BUNDLE_IDENTIFIER = "org.cocoapods.demo.$(PRODUCT_NAME:rfc1034identifier)";
				PRODUCT_NAME = "$(TARGET_NAME)";
				SWIFT_VERSION = 3.0;
			};
			name = Debug;
		};
		607FACF11AFB9204008FA782 /* Release */ = {
			isa = XCBuildConfiguration;
			baseConfigurationReference = EB7304A77BE82FBE6C7E939F /* Pods-iExtra_Example.release.xcconfig */;
			buildSettings = {
				ASSETCATALOG_COMPILER_APPICON_NAME = AppIcon;
				DEVELOPMENT_TEAM = PMEDFW438U;
				INFOPLIST_FILE = iExtra/Info.plist;
				LD_RUNPATH_SEARCH_PATHS = "$(inherited) @executable_path/Frameworks";
				MODULE_NAME = ExampleApp;
				PRODUCT_BUNDLE_IDENTIFIER = "org.cocoapods.demo.$(PRODUCT_NAME:rfc1034identifier)";
				PRODUCT_NAME = "$(TARGET_NAME)";
				SWIFT_VERSION = 3.0;
			};
			name = Release;
		};
		607FACF31AFB9204008FA782 /* Debug */ = {
			isa = XCBuildConfiguration;
			baseConfigurationReference = 060AF76DC5CC242CA17488C4 /* Pods-iExtra_Tests.debug.xcconfig */;
			buildSettings = {
				DEVELOPMENT_TEAM = PMEDFW438U;
				FRAMEWORK_SEARCH_PATHS = (
					"$(SDKROOT)/Developer/Library/Frameworks",
					"$(inherited)",
				);
				GCC_PREPROCESSOR_DEFINITIONS = (
					"DEBUG=1",
					"$(inherited)",
				);
				INFOPLIST_FILE = Tests/Info.plist;
				LD_RUNPATH_SEARCH_PATHS = "$(inherited) @executable_path/Frameworks @loader_path/Frameworks";
				PRODUCT_BUNDLE_IDENTIFIER = "org.cocoapods.$(PRODUCT_NAME:rfc1034identifier)";
				PRODUCT_NAME = "$(TARGET_NAME)";
				SWIFT_VERSION = 3.0;
				TEST_HOST = "$(BUILT_PRODUCTS_DIR)/iExtra_Example.app/iExtra_Example";
			};
			name = Debug;
		};
		607FACF41AFB9204008FA782 /* Release */ = {
			isa = XCBuildConfiguration;
			baseConfigurationReference = 64375B5D28621B8F33AEEC1D /* Pods-iExtra_Tests.release.xcconfig */;
			buildSettings = {
				DEVELOPMENT_TEAM = PMEDFW438U;
				FRAMEWORK_SEARCH_PATHS = (
					"$(SDKROOT)/Developer/Library/Frameworks",
					"$(inherited)",
				);
				INFOPLIST_FILE = Tests/Info.plist;
				LD_RUNPATH_SEARCH_PATHS = "$(inherited) @executable_path/Frameworks @loader_path/Frameworks";
				PRODUCT_BUNDLE_IDENTIFIER = "org.cocoapods.$(PRODUCT_NAME:rfc1034identifier)";
				PRODUCT_NAME = "$(TARGET_NAME)";
				SWIFT_VERSION = 3.0;
				TEST_HOST = "$(BUILT_PRODUCTS_DIR)/iExtra_Example.app/iExtra_Example";
			};
			name = Release;
		};
/* End XCBuildConfiguration section */

/* Begin XCConfigurationList section */
		607FACCB1AFB9204008FA782 /* Build configuration list for PBXProject "iExtra" */ = {
			isa = XCConfigurationList;
			buildConfigurations = (
				607FACED1AFB9204008FA782 /* Debug */,
				607FACEE1AFB9204008FA782 /* Release */,
			);
			defaultConfigurationIsVisible = 0;
			defaultConfigurationName = Release;
		};
		607FACEF1AFB9204008FA782 /* Build configuration list for PBXNativeTarget "iExtra_Example" */ = {
			isa = XCConfigurationList;
			buildConfigurations = (
				607FACF01AFB9204008FA782 /* Debug */,
				607FACF11AFB9204008FA782 /* Release */,
			);
			defaultConfigurationIsVisible = 0;
			defaultConfigurationName = Release;
		};
		607FACF21AFB9204008FA782 /* Build configuration list for PBXNativeTarget "iExtra_Tests" */ = {
			isa = XCConfigurationList;
			buildConfigurations = (
				607FACF31AFB9204008FA782 /* Debug */,
				607FACF41AFB9204008FA782 /* Release */,
			);
			defaultConfigurationIsVisible = 0;
			defaultConfigurationName = Release;
		};
/* End XCConfigurationList section */
	};
	rootObject = 607FACC81AFB9204008FA782 /* Project object */;
}
